
Microsoft Visual Studio Solution File, Format Version 12.00
# Visual Studio Version 17
VisualStudioVersion = 17.0.31903.59
MinimumVisualStudioVersion = 10.0.40219.1
Project("{2150E333-8FDC-42A3-9474-1A3956D46DE8}") = "src", "src", "{7E877D11-C43F-4105-84D9-71232AF1CA96}"
EndProject
Project("{FAE04EC0-301F-11D3-BF4B-00C04F79EFBC}") = "OSL.BLL", "src\OSL.BLL\OSL.BLL.csproj", "{690A35B1-53B7-46AE-A34D-12563F70A998}"
EndProject
Project("{FAE04EC0-301F-11D3-BF4B-00C04F79EFBC}") = "OSL.DAL", "src\OSL.DAL\OSL.DAL.csproj", "{97C2E5C3-C73F-49F5-9150-8BA3B0E9FE0E}"
EndProject
Project("{FAE04EC0-301F-11D3-BF4B-00C04F79EFBC}") = "OSL.WEB", "src\OSL.WEB\OSL.WEB.csproj", "{8ADE7AD6-AEF7-4A98-B771-6C4CCB1E1AB2}"
EndProject
Global
	GlobalSection(SolutionConfigurationPlatforms) = preSolution
		Debug|Any CPU = Debug|Any CPU
		Release|Any CPU = Release|Any CPU
	EndGlobalSection
	GlobalSection(SolutionProperties) = preSolution
		HideSolutionNode = FALSE
	EndGlobalSection
	GlobalSection(ProjectConfigurationPlatforms) = postSolution
		{690A35B1-53B7-46AE-A34D-12563F70A998}.Debug|Any CPU.ActiveCfg = Debug|Any CPU
		{690A35B1-53B7-46AE-A34D-12563F70A998}.Debug|Any CPU.Build.0 = Debug|Any CPU
		{690A35B1-53B7-46AE-A34D-12563F70A998}.Release|Any CPU.ActiveCfg = Release|Any CPU
		{690A35B1-53B7-46AE-A34D-12563F70A998}.Release|Any CPU.Build.0 = Release|Any CPU
		{97C2E5C3-C73F-49F5-9150-8BA3B0E9FE0E}.Debug|Any CPU.ActiveCfg = Debug|Any CPU
		{97C2E5C3-C73F-49F5-9150-8BA3B0E9FE0E}.Debug|Any CPU.Build.0 = Debug|Any CPU
		{97C2E5C3-C73F-49F5-9150-8BA3B0E9FE0E}.Release|Any CPU.ActiveCfg = Release|Any CPU
		{97C2E5C3-C73F-49F5-9150-8BA3B0E9FE0E}.Release|Any CPU.Build.0 = Release|Any CPU
		{8ADE7AD6-AEF7-4A98-B771-6C4CCB1E1AB2}.Debug|Any CPU.ActiveCfg = Debug|Any CPU
		{8ADE7AD6-AEF7-4A98-B771-6C4CCB1E1AB2}.Debug|Any CPU.Build.0 = Debug|Any CPU
		{8ADE7AD6-AEF7-4A98-B771-6C4CCB1E1AB2}.Release|Any CPU.ActiveCfg = Release|Any CPU
		{8ADE7AD6-AEF7-4A98-B771-6C4CCB1E1AB2}.Release|Any CPU.Build.0 = Release|Any CPU
	EndGlobalSection
	GlobalSection(NestedProjects) = preSolution
		{690A35B1-53B7-46AE-A34D-12563F70A998} = {7E877D11-C43F-4105-84D9-71232AF1CA96}
		{97C2E5C3-C73F-49F5-9150-8BA3B0E9FE0E} = {7E877D11-C43F-4105-84D9-71232AF1CA96}
		{8ADE7AD6-AEF7-4A98-B771-6C4CCB1E1AB2} = {7E877D11-C43F-4105-84D9-71232AF1CA96}
	EndGlobalSection
EndGlobal
