
Microsoft Visual Studio Solution File, Format Version 12.00
# Visual Studio Version 17
VisualStudioVersion = 17.9.34714.143
MinimumVisualStudioVersion = 10.0.40219.1
Project("{2150E333-8FDC-42A3-9474-1A3956D46DE8}") = "src", "src", "{B0FE4A8A-F5F5-4010-A8B9-889892B6537C}"
EndProject
Project("{9A19103F-16F7-4668-BE54-9A1E7A4F7556}") = "TopicTalks.Api", "src\TopicTalks.Api\TopicTalks.Api.csproj", "{B30B4C66-C22C-48AA-8B97-44F38548E892}"
EndProject
Project("{9A19103F-16F7-4668-BE54-9A1E7A4F7556}") = "TopicTalks.Application", "src\TopicTalks.Application\TopicTalks.Application.csproj", "{6117292F-5F99-4AD7-9543-D526E54D5543}"
EndProject
Project("{9A19103F-16F7-4668-BE54-9A1E7A4F7556}") = "TopicTalks.Domain", "src\TopicTalks.Domain\TopicTalks.Domain.csproj", "{02F8020F-CD04-4739-86E8-44E5DB3B7E6C}"
EndProject
Project("{9A19103F-16F7-4668-BE54-9A1E7A4F7556}") = "TopicTalks.Infrastructure", "src\TopicTalks.Infrastructure\TopicTalks.Infrastructure.csproj", "{866531B5-BA6F-4DB4-BA76-AC2215DB2501}"
EndProject
Project("{9A19103F-16F7-4668-BE54-9A1E7A4F7556}") = "TopicTalks.Web", "src\TopicTalks.Web\TopicTalks.Web.csproj", "{83F1E0FB-8B0E-479C-BCC1-6B24C545B226}"
EndProject
Project("{2150E333-8FDC-42A3-9474-1A3956D46DE8}") = "Solution Items", "Solution Items", "{BCDFFA98-1E11-4235-A816-4D6BB2FB207E}"
	ProjectSection(SolutionItems) = preProject
		.gitignore = .gitignore
		LICENSE = LICENSE
		README.md = README.md
		TopicTalks.slnLaunch = TopicTalks.slnLaunch
	EndProjectSection
EndProject
Global
	GlobalSection(SolutionConfigurationPlatforms) = preSolution
		Debug|Any CPU = Debug|Any CPU
		Release|Any CPU = Release|Any CPU
	EndGlobalSection
	GlobalSection(ProjectConfigurationPlatforms) = postSolution
		{B30B4C66-C22C-48AA-8B97-44F38548E892}.Debug|Any CPU.ActiveCfg = Debug|Any CPU
		{B30B4C66-C22C-48AA-8B97-44F38548E892}.Debug|Any CPU.Build.0 = Debug|Any CPU
		{B30B4C66-C22C-48AA-8B97-44F38548E892}.Release|Any CPU.ActiveCfg = Release|Any CPU
		{B30B4C66-C22C-48AA-8B97-44F38548E892}.Release|Any CPU.Build.0 = Release|Any CPU
		{6117292F-5F99-4AD7-9543-D526E54D5543}.Debug|Any CPU.ActiveCfg = Debug|Any CPU
		{6117292F-5F99-4AD7-9543-D526E54D5543}.Debug|Any CPU.Build.0 = Debug|Any CPU
		{6117292F-5F99-4AD7-9543-D526E54D5543}.Release|Any CPU.ActiveCfg = Release|Any CPU
		{6117292F-5F99-4AD7-9543-D526E54D5543}.Release|Any CPU.Build.0 = Release|Any CPU
		{02F8020F-CD04-4739-86E8-44E5DB3B7E6C}.Debug|Any CPU.ActiveCfg = Debug|Any CPU
		{02F8020F-CD04-4739-86E8-44E5DB3B7E6C}.Debug|Any CPU.Build.0 = Debug|Any CPU
		{02F8020F-CD04-4739-86E8-44E5DB3B7E6C}.Release|Any CPU.ActiveCfg = Release|Any CPU
		{02F8020F-CD04-4739-86E8-44E5DB3B7E6C}.Release|Any CPU.Build.0 = Release|Any CPU
		{866531B5-BA6F-4DB4-BA76-AC2215DB2501}.Debug|Any CPU.ActiveCfg = Debug|Any CPU
		{866531B5-BA6F-4DB4-BA76-AC2215DB2501}.Debug|Any CPU.Build.0 = Debug|Any CPU
		{866531B5-BA6F-4DB4-BA76-AC2215DB2501}.Release|Any CPU.ActiveCfg = Release|Any CPU
		{866531B5-BA6F-4DB4-BA76-AC2215DB2501}.Release|Any CPU.Build.0 = Release|Any CPU
		{83F1E0FB-8B0E-479C-BCC1-6B24C545B226}.Debug|Any CPU.ActiveCfg = Debug|Any CPU
		{83F1E0FB-8B0E-479C-BCC1-6B24C545B226}.Debug|Any CPU.Build.0 = Debug|Any CPU
		{83F1E0FB-8B0E-479C-BCC1-6B24C545B226}.Release|Any CPU.ActiveCfg = Release|Any CPU
		{83F1E0FB-8B0E-479C-BCC1-6B24C545B226}.Release|Any CPU.Build.0 = Release|Any CPU
	EndGlobalSection
	GlobalSection(SolutionProperties) = preSolution
		HideSolutionNode = FALSE
	EndGlobalSection
	GlobalSection(NestedProjects) = preSolution
		{B30B4C66-C22C-48AA-8B97-44F38548E892} = {B0FE4A8A-F5F5-4010-A8B9-889892B6537C}
		{6117292F-5F99-4AD7-9543-D526E54D5543} = {B0FE4A8A-F5F5-4010-A8B9-889892B6537C}
		{02F8020F-CD04-4739-86E8-44E5DB3B7E6C} = {B0FE4A8A-F5F5-4010-A8B9-889892B6537C}
		{866531B5-BA6F-4DB4-BA76-AC2215DB2501} = {B0FE4A8A-F5F5-4010-A8B9-889892B6537C}
		{83F1E0FB-8B0E-479C-BCC1-6B24C545B226} = {B0FE4A8A-F5F5-4010-A8B9-889892B6537C}
	EndGlobalSection
EndGlobal
